
Microsoft Visual Studio Solution File, Format Version 12.00
# Visual Studio Version 16
VisualStudioVersion = 16.0.31613.86
MinimumVisualStudioVersion = 10.0.40219.1
Project("{FAE04EC0-301F-11D3-BF4B-00C04F79EFBC}") = "Guia-ej1", "Guia-ej1\Guia-ej1.csproj", "{F63D1BFD-84CB-48E2-874E-5722386AA05C}"
EndProject
Project("{FAE04EC0-301F-11D3-BF4B-00C04F79EFBC}") = "Guia-ej5", "Guia-ej5\Guia-ej5.csproj", "{ED3B35BB-0F06-498D-9CAF-7903E8C0D755}"
EndProject
Project("{FAE04EC0-301F-11D3-BF4B-00C04F79EFBC}") = "Guia-ej3", "Guia-ej3\Guia-ej3.csproj", "{0505727F-DBF0-4DFC-8189-F8B0053E8260}"
EndProject
Project("{FAE04EC0-301F-11D3-BF4B-00C04F79EFBC}") = "Guia-ej6", "Guia-ej6\Guia-ej6.csproj", "{F7C0527E-FDCF-4D66-B399-ABDD2A5C3B45}"
EndProject
Project("{FAE04EC0-301F-11D3-BF4B-00C04F79EFBC}") = "Guia-ej8", "Guia-ej8\Guia-ej8.csproj", "{A28D48A6-3A43-4A33-A0EF-23947875BEC3}"
EndProject
Global
	GlobalSection(SolutionConfigurationPlatforms) = preSolution
		Debug|Any CPU = Debug|Any CPU
		Release|Any CPU = Release|Any CPU
	EndGlobalSection
	GlobalSection(ProjectConfigurationPlatforms) = postSolution
		{F63D1BFD-84CB-48E2-874E-5722386AA05C}.Debug|Any CPU.ActiveCfg = Debug|Any CPU
		{F63D1BFD-84CB-48E2-874E-5722386AA05C}.Debug|Any CPU.Build.0 = Debug|Any CPU
		{F63D1BFD-84CB-48E2-874E-5722386AA05C}.Release|Any CPU.ActiveCfg = Release|Any CPU
		{F63D1BFD-84CB-48E2-874E-5722386AA05C}.Release|Any CPU.Build.0 = Release|Any CPU
		{ED3B35BB-0F06-498D-9CAF-7903E8C0D755}.Debug|Any CPU.ActiveCfg = Debug|Any CPU
		{ED3B35BB-0F06-498D-9CAF-7903E8C0D755}.Debug|Any CPU.Build.0 = Debug|Any CPU
		{ED3B35BB-0F06-498D-9CAF-7903E8C0D755}.Release|Any CPU.ActiveCfg = Release|Any CPU
		{ED3B35BB-0F06-498D-9CAF-7903E8C0D755}.Release|Any CPU.Build.0 = Release|Any CPU
		{0505727F-DBF0-4DFC-8189-F8B0053E8260}.Debug|Any CPU.ActiveCfg = Debug|Any CPU
		{0505727F-DBF0-4DFC-8189-F8B0053E8260}.Debug|Any CPU.Build.0 = Debug|Any CPU
		{0505727F-DBF0-4DFC-8189-F8B0053E8260}.Release|Any CPU.ActiveCfg = Release|Any CPU
		{0505727F-DBF0-4DFC-8189-F8B0053E8260}.Release|Any CPU.Build.0 = Release|Any CPU
		{F7C0527E-FDCF-4D66-B399-ABDD2A5C3B45}.Debug|Any CPU.ActiveCfg = Debug|Any CPU
		{F7C0527E-FDCF-4D66-B399-ABDD2A5C3B45}.Debug|Any CPU.Build.0 = Debug|Any CPU
		{F7C0527E-FDCF-4D66-B399-ABDD2A5C3B45}.Release|Any CPU.ActiveCfg = Release|Any CPU
		{F7C0527E-FDCF-4D66-B399-ABDD2A5C3B45}.Release|Any CPU.Build.0 = Release|Any CPU
		{A28D48A6-3A43-4A33-A0EF-23947875BEC3}.Debug|Any CPU.ActiveCfg = Debug|Any CPU
		{A28D48A6-3A43-4A33-A0EF-23947875BEC3}.Debug|Any CPU.Build.0 = Debug|Any CPU
		{A28D48A6-3A43-4A33-A0EF-23947875BEC3}.Release|Any CPU.ActiveCfg = Release|Any CPU
		{A28D48A6-3A43-4A33-A0EF-23947875BEC3}.Release|Any CPU.Build.0 = Release|Any CPU
	EndGlobalSection
	GlobalSection(SolutionProperties) = preSolution
		HideSolutionNode = FALSE
	EndGlobalSection
	GlobalSection(ExtensibilityGlobals) = postSolution
		SolutionGuid = {8C749CED-2D7C-465F-9A54-50BBAC6AE293}
	EndGlobalSection
EndGlobal
